
Microsoft Visual Studio Solution File, Format Version 12.00
# Visual Studio Version 17
VisualStudioVersion = 17.14.36310.24 d17.14
MinimumVisualStudioVersion = 10.0.40219.1
Project("{FAE04EC0-301F-11D3-BF4B-00C04F79EFBC}") = "WordleSolver", "WordleSolver\WordleSolver.csproj", "{FF596934-DE62-45BE-93E5-434EAE02B655}"
EndProject
Global
	GlobalSection(SolutionConfigurationPlatforms) = preSolution
		Debug|Any CPU = Debug|Any CPU
		Release|Any CPU = Release|Any CPU
	EndGlobalSection
	GlobalSection(ProjectConfigurationPlatforms) = postSolution
		{FF596934-DE62-45BE-93E5-434EAE02B655}.Debug|Any CPU.ActiveCfg = Debug|Any CPU
		{FF596934-DE62-45BE-93E5-434EAE02B655}.Debug|Any CPU.Build.0 = Debug|Any CPU
		{FF596934-DE62-45BE-93E5-434EAE02B655}.Release|Any CPU.ActiveCfg = Release|Any CPU
		{FF596934-DE62-45BE-93E5-434EAE02B655}.Release|Any CPU.Build.0 = Release|Any CPU
	EndGlobalSection
	GlobalSection(SolutionProperties) = preSolution
		HideSolutionNode = FALSE
	EndGlobalSection
	GlobalSection(ExtensibilityGlobals) = postSolution
		SolutionGuid = {DE557471-167A-49C5-B477-E31B187DEC76}
	EndGlobalSection
EndGlobal
